// !$*UTF8*$!
{
	archiveVersion = 1;
	classes = {
	};
	objectVersion = 46;
	objects = {

/* Begin PBXBuildFile section */
		45876E3B1CCF64A0005CD060 /* main.m in Sources */ = {isa = PBXBuildFile; fileRef = 45876E3A1CCF64A0005CD060 /* main.m */; };
		45876E3E1CCF64A0005CD060 /* AppDelegate.m in Sources */ = {isa = PBXBuildFile; fileRef = 45876E3D1CCF64A0005CD060 /* AppDelegate.m */; };
		45876E441CCF64A0005CD060 /* Main.storyboard in Resources */ = {isa = PBXBuildFile; fileRef = 45876E421CCF64A0005CD060 /* Main.storyboard */; };
		45876E461CCF64A0005CD060 /* Assets.xcassets in Resources */ = {isa = PBXBuildFile; fileRef = 45876E451CCF64A0005CD060 /* Assets.xcassets */; };
		45876E491CCF64A0005CD060 /* LaunchScreen.storyboard in Resources */ = {isa = PBXBuildFile; fileRef = 45876E471CCF64A0005CD060 /* LaunchScreen.storyboard */; };
		45876E521CCF64D6005CD060 /* TableViewController.m in Sources */ = {isa = PBXBuildFile; fileRef = 45876E511CCF64D6005CD060 /* TableViewController.m */; };
		45876E571CCF6991005CD060 /* apple.png in Resources */ = {isa = PBXBuildFile; fileRef = 45876E541CCF6991005CD060 /* apple.png */; };
		45876E581CCF6991005CD060 /* banana.png in Resources */ = {isa = PBXBuildFile; fileRef = 45876E551CCF6991005CD060 /* banana.png */; };
		45876E591CCF6991005CD060 /* water melon.png in Resources */ = {isa = PBXBuildFile; fileRef = 45876E561CCF6991005CD060 /* water melon.png */; };
/* End PBXBuildFile section */

/* Begin PBXFileReference section */
		45876E361CCF64A0005CD060 /* CreateTableView.app */ = {isa = PBXFileReference; explicitFileType = wrapper.application; includeInIndex = 0; path = CreateTableView.app; sourceTree = BUILT_PRODUCTS_DIR; };
		45876E3A1CCF64A0005CD060 /* main.m */ = {isa = PBXFileReference; lastKnownFileType = sourcecode.c.objc; path = main.m; sourceTree = "<group>"; };
		45876E3C1CCF64A0005CD060 /* AppDelegate.h */ = {isa = PBXFileReference; lastKnownFileType = sourcecode.c.h; path = AppDelegate.h; sourceTree = "<group>"; };
		45876E3D1CCF64A0005CD060 /* AppDelegate.m */ = {isa = PBXFileReference; lastKnownFileType = sourcecode.c.objc; path = AppDelegate.m; sourceTree = "<group>"; };
		45876E431CCF64A0005CD060 /* Base */ = {isa = PBXFileReference; lastKnownFileType = file.storyboard; name = Base; path = Base.lproj/Main.storyboard; sourceTree = "<group>"; };
		45876E451CCF64A0005CD060 /* Assets.xcassets */ = {isa = PBXFileReference; lastKnownFileType = folder.assetcatalog; path = Assets.xcassets; sourceTree = "<group>"; };
		45876E481CCF64A0005CD060 /* Base */ = {isa = PBXFileReference; lastKnownFileType = file.storyboard; name = Base; path = Base.lproj/LaunchScreen.storyboard; sourceTree = "<group>"; };
		45876E4A1CCF64A0005CD060 /* Info.plist */ = {isa = PBXFileReference; lastKnownFileType = text.plist.xml; path = Info.plist; sourceTree = "<group>"; };
		45876E501CCF64D6005CD060 /* TableViewController.h */ = {isa = PBXFileReference; fileEncoding = 4; lastKnownFileType = sourcecode.c.h; path = TableViewController.h; sourceTree = "<group>"; };
		45876E511CCF64D6005CD060 /* TableViewController.m */ = {isa = PBXFileReference; fileEncoding = 4; lastKnownFileType = sourcecode.c.objc; path = TableViewController.m; sourceTree = "<group>"; };
		45876E541CCF6991005CD060 /* apple.png */ = {isa = PBXFileReference; lastKnownFileType = image.png; path = apple.png; sourceTree = "<group>"; };
		45876E551CCF6991005CD060 /* banana.png */ = {isa = PBXFileReference; lastKnownFileType = image.png; path = banana.png; sourceTree = "<group>"; };
		45876E561CCF6991005CD060 /* water melon.png */ = {isa = PBXFileReference; lastKnownFileType = image.png; path = "water melon.png"; sourceTree = "<group>"; };
/* End PBXFileReference section */

/* Begin PBXFrameworksBuildPhase section */
		45876E331CCF64A0005CD060 /* Frameworks */ = {
			isa = PBXFrameworksBuildPhase;
			buildActionMask = 2147483647;
			files = (
			);
			runOnlyForDeploymentPostprocessing = 0;
		};
/* End PBXFrameworksBuildPhase section */

/* Begin PBXGroup section */
		45876E2D1CCF64A0005CD060 = {
			isa = PBXGroup;
			children = (
				45876E381CCF64A0005CD060 /* CreateTableView */,
				45876E371CCF64A0005CD060 /* Products */,
			);
			sourceTree = "<group>";
		};
		45876E371CCF64A0005CD060 /* Products */ = {
			isa = PBXGroup;
			children = (
				45876E361CCF64A0005CD060 /* CreateTableView.app */,
			);
			name = Products;
			sourceTree = "<group>";
		};
		45876E381CCF64A0005CD060 /* CreateTableView */ = {
			isa = PBXGroup;
			children = (
				45876E3C1CCF64A0005CD060 /* AppDelegate.h */,
				45876E3D1CCF64A0005CD060 /* AppDelegate.m */,
				45876E501CCF64D6005CD060 /* TableViewController.h */,
				45876E511CCF64D6005CD060 /* TableViewController.m */,
				45876E421CCF64A0005CD060 /* Main.storyboard */,
				45876E531CCF697F005CD060 /* Images */,
				45876E451CCF64A0005CD060 /* Assets.xcassets */,
				45876E471CCF64A0005CD060 /* LaunchScreen.storyboard */,
				45876E4A1CCF64A0005CD060 /* Info.plist */,
				45876E391CCF64A0005CD060 /* Supporting Files */,
			);
			path = CreateTableView;
			sourceTree = "<group>";
		};
		45876E391CCF64A0005CD060 /* Supporting Files */ = {
			isa = PBXGroup;
			children = (
				45876E3A1CCF64A0005CD060 /* main.m */,
			);
			name = "Supporting Files";
			sourceTree = "<group>";
		};
		45876E531CCF697F005CD060 /* Images */ = {
			isa = PBXGroup;
			children = (
				45876E541CCF6991005CD060 /* apple.png */,
				45876E551CCF6991005CD060 /* banana.png */,
				45876E561CCF6991005CD060 /* water melon.png */,
			);
			name = Images;
			sourceTree = "<group>";
		};
/* End PBXGroup section */

/* Begin PBXNativeTarget section */
		45876E351CCF64A0005CD060 /* CreateTableView */ = {
			isa = PBXNativeTarget;
			buildConfigurationList = 45876E4D1CCF64A0005CD060 /* Build configuration list for PBXNativeTarget "CreateTableView" */;
			buildPhases = (
				45876E321CCF64A0005CD060 /* Sources */,
				45876E331CCF64A0005CD060 /* Frameworks */,
				45876E341CCF64A0005CD060 /* Resources */,
			);
			buildRules = (
			);
			dependencies = (
			);
			name = CreateTableView;
			productName = CreateTableView;
			productReference = 45876E361CCF64A0005CD060 /* CreateTableView.app */;
			productType = "com.apple.product-type.application";
		};
/* End PBXNativeTarget section */

/* Begin PBXProject section */
		45876E2E1CCF64A0005CD060 /* Project object */ = {
			isa = PBXProject;
			attributes = {
				LastUpgradeCheck = 0720;
				ORGANIZATIONNAME = "Tin Blanc";
				TargetAttributes = {
					45876E351CCF64A0005CD060 = {
						CreatedOnToolsVersion = 7.2;
						DevelopmentTeam = 6TY8547B3M;
					};
				};
			};
			buildConfigurationList = 45876E311CCF64A0005CD060 /* Build configuration list for PBXProject "CreateTableView" */;
			compatibilityVersion = "Xcode 3.2";
			developmentRegion = English;
			hasScannedForEncodings = 0;
			knownRegions = (
				en,
				Base,
			);
			mainGroup = 45876E2D1CCF64A0005CD060;
			productRefGroup = 45876E371CCF64A0005CD060 /* Products */;
			projectDirPath = "";
			projectRoot = "";
			targets = (
				45876E351CCF64A0005CD060 /* CreateTableView */,
			);
		};
/* End PBXProject section */

/* Begin PBXResourcesBuildPhase section */
		45876E341CCF64A0005CD060 /* Resources */ = {
			isa = PBXResourcesBuildPhase;
			buildActionMask = 2147483647;
			files = (
				45876E491CCF64A0005CD060 /* LaunchScreen.storyboard in Resources */,
				45876E591CCF6991005CD060 /* water melon.png in Resources */,
				45876E461CCF64A0005CD060 /* Assets.xcassets in Resources */,
				45876E571CCF6991005CD060 /* apple.png in Resources */,
				45876E441CCF64A0005CD060 /* Main.storyboard in Resources */,
				45876E581CCF6991005CD060 /* banana.png in Resources */,
			);
			runOnlyForDeploymentPostprocessing = 0;
		};
/* End PBXResourcesBuildPhase section */

/* Begin PBXSourcesBuildPhase section */
		45876E321CCF64A0005CD060 /* Sources */ = {
			isa = PBXSourcesBuildPhase;
			buildActionMask = 2147483647;
			files = (
				45876E3E1CCF64A0005CD060 /* AppDelegate.m in Sources */,
				45876E521CCF64D6005CD060 /* TableViewController.m in Sources */,
				45876E3B1CCF64A0005CD060 /* main.m in Sources */,
			);
			runOnlyForDeploymentPostprocessing = 0;
		};
/* End PBXSourcesBuildPhase section */

/* Begin PBXVariantGroup section */
		45876E421CCF64A0005CD060 /* Main.storyboard */ = {
			isa = PBXVariantGroup;
			children = (
				45876E431CCF64A0005CD060 /* Base */,
			);
			name = Main.storyboard;
			sourceTree = "<group>";
		};
		45876E471CCF64A0005CD060 /* LaunchScreen.storyboard */ = {
			isa = PBXVariantGroup;
			children = (
				45876E481CCF64A0005CD060 /* Base */,
			);
			name = LaunchScreen.storyboard;
			sourceTree = "<group>";
		};
/* End PBXVariantGroup section */

/* Begin XCBuildConfiguration section */
		45876E4B1CCF64A0005CD060 /* Debug */ = {
			isa = XCBuildConfiguration;
			buildSettings = {
				ALWAYS_SEARCH_USER_PATHS = NO;
				CLANG_CXX_LANGUAGE_STANDARD = "gnu++0x";
				CLANG_CXX_LIBRARY = "libc++";
				CLANG_ENABLE_MODULES = YES;
				CLANG_ENABLE_OBJC_ARC = YES;
				CLANG_WARN_BOOL_CONVERSION = YES;
				CLANG_WARN_CONSTANT_CONVERSION = YES;
				CLANG_WARN_DIRECT_OBJC_ISA_USAGE = YES_ERROR;
				CLANG_WARN_EMPTY_BODY = YES;
				CLANG_WARN_ENUM_CONVERSION = YES;
				CLANG_WARN_INT_CONVERSION = YES;
				CLANG_WARN_OBJC_ROOT_CLASS = YES_ERROR;
				CLANG_WARN_UNREACHABLE_CODE = YES;
				CLANG_WARN__DUPLICATE_METHOD_MATCH = YES;
				"CODE_SIGN_IDENTITY[sdk=iphoneos*]" = "iPhone Developer";
				COPY_PHASE_STRIP = NO;
				DEBUG_INFORMATION_FORMAT = dwarf;
				ENABLE_STRICT_OBJC_MSGSEND = YES;
				ENABLE_TESTABILITY = YES;
				GCC_C_LANGUAGE_STANDARD = gnu99;
				GCC_DYNAMIC_NO_PIC = NO;
				GCC_NO_COMMON_BLOCKS = YES;
				GCC_OPTIMIZATION_LEVEL = 0;
				GCC_PREPROCESSOR_DEFINITIONS = (
					"DEBUG=1",
					"$(inherited)",
				);
				GCC_WARN_64_TO_32_BIT_CONVERSION = YES;
				GCC_WARN_ABOUT_RETURN_TYPE = YES_ERROR;
				GCC_WARN_UNDECLARED_SELECTOR = YES;
				GCC_WARN_UNINITIALIZED_AUTOS = YES_AGGRESSIVE;
				GCC_WARN_UNUSED_FUNCTION = YES;
				GCC_WARN_UNUSED_VARIABLE = YES;
				IPHONEOS_DEPLOYMENT_TARGET = 9.2;
				MTL_ENABLE_DEBUG_INFO = YES;
				ONLY_ACTIVE_ARCH = YES;
				SDKROOT = iphoneos;
			};
			name = Debug;
		};
		45876E4C1CCF64A0005CD060 /* Release */ = {
			isa = XCBuildConfiguration;
			buildSettings = {
				ALWAYS_SEARCH_USER_PATHS = NO;
				CLANG_CXX_LANGUAGE_STANDARD = "gnu++0x";
				CLANG_CXX_LIBRARY = "libc++";
				CLANG_ENABLE_MODULES = YES;
				CLANG_ENABLE_OBJC_ARC = YES;
				CLANG_WARN_BOOL_CONVERSION = YES;
				CLANG_WARN_CONSTANT_CONVERSION = YES;
				CLANG_WARN_DIRECT_OBJC_ISA_USAGE = YES_ERROR;
				CLANG_WARN_EMPTY_BODY = YES;
				CLANG_WARN_ENUM_CONVERSION = YES;
				CLANG_WARN_INT_CONVERSION = YES;
				CLANG_WARN_OBJC_ROOT_CLASS = YES_ERROR;
				CLANG_WARN_UNREACHABLE_CODE = YES;
				CLANG_WARN__DUPLICATE_METHOD_MATCH = YES;
				"CODE_SIGN_IDENTITY[sdk=iphoneos*]" = "iPhone Developer";
				COPY_PHASE_STRIP = NO;
				DEBUG_INFORMATION_FORMAT = "dwarf-with-dsym";
				ENABLE_NS_ASSERTIONS = NO;
				ENABLE_STRICT_OBJC_MSGSEND = YES;
				GCC_C_LANGUAGE_STANDARD = gnu99;
				GCC_NO_COMMON_BLOCKS = YES;
				GCC_WARN_64_TO_32_BIT_CONVERSION = YES;
				GCC_WARN_ABOUT_RETURN_TYPE = YES_ERROR;
				GCC_WARN_UNDECLARED_SELECTOR = YES;
				GCC_WARN_UNINITIALIZED_AUTOS = YES_AGGRESSIVE;
				GCC_WARN_UNUSED_FUNCTION = YES;
				GCC_WARN_UNUSED_VARIABLE = YES;
				IPHONEOS_DEPLOYMENT_TARGET = 9.2;
				MTL_ENABLE_DEBUG_INFO = NO;
				SDKROOT = iphoneos;
				VALIDATE_PRODUCT = YES;
			};
			name = Release;
		};
		45876E4E1CCF64A0005CD060 /* Debug */ = {
			isa = XCBuildConfiguration;
			buildSettings = {
				ASSETCATALOG_COMPILER_APPICON_NAME = AppIcon;
				INFOPLIST_FILE = CreateTableView/Info.plist;
				LD_RUNPATH_SEARCH_PATHS = "$(inherited) @executable_path/Frameworks";
				PRODUCT_BUNDLE_IDENTIFIER = vn.techmaster.CreateTableView;
				PRODUCT_NAME = "$(TARGET_NAME)";
			};
			name = Debug;
		};
		45876E4F1CCF64A0005CD060 /* Release */ = {
			isa = XCBuildConfiguration;
			buildSettings = {
				ASSETCATALOG_COMPILER_APPICON_NAME = AppIcon;
				INFOPLIST_FILE = CreateTableView/Info.plist;
				LD_RUNPATH_SEARCH_PATHS = "$(inherited) @executable_path/Frameworks";
				PRODUCT_BUNDLE_IDENTIFIER = vn.techmaster.CreateTableView;
				PRODUCT_NAME = "$(TARGET_NAME)";
			};
			name = Release;
		};
/* End XCBuildConfiguration section */

/* Begin XCConfigurationList section */
		45876E311CCF64A0005CD060 /* Build configuration list for PBXProject "CreateTableView" */ = {
			isa = XCConfigurationList;
			buildConfigurations = (
				45876E4B1CCF64A0005CD060 /* Debug */,
				45876E4C1CCF64A0005CD060 /* Release */,
			);
			defaultConfigurationIsVisible = 0;
			defaultConfigurationName = Release;
		};
		45876E4D1CCF64A0005CD060 /* Build configuration list for PBXNativeTarget "CreateTableView" */ = {
			isa = XCConfigurationList;
			buildConfigurations = (
				45876E4E1CCF64A0005CD060 /* Debug */,
				45876E4F1CCF64A0005CD060 /* Release */,
			);
			defaultConfigurationIsVisible = 0;
		};
/* End XCConfigurationList section */
	};
	rootObject = 45876E2E1CCF64A0005CD060 /* Project object */;
}
